// !$*UTF8*$!
{
	archiveVersion = 1;
	classes = {
	};
	objectVersion = 56;
	objects = {

/* Begin PBXBuildFile section */
		F5467EC12AA79F2B0031091C /* Init_ScreenApp.swift in Sources */ = {isa = PBXBuildFile; fileRef = F5467EC02AA79F2B0031091C /* Init_ScreenApp.swift */; };
		F5467EC32AA79F2B0031091C /* ListView.swift in Sources */ = {isa = PBXBuildFile; fileRef = F5467EC22AA79F2B0031091C /* ListView.swift */; };
		F5467EC52AA79F2D0031091C /* Assets.xcassets in Resources */ = {isa = PBXBuildFile; fileRef = F5467EC42AA79F2D0031091C /* Assets.xcassets */; };
		F5467EC82AA79F2D0031091C /* Preview Assets.xcassets in Resources */ = {isa = PBXBuildFile; fileRef = F5467EC72AA79F2D0031091C /* Preview Assets.xcassets */; };
		F5467ECF2AA8B8AA0031091C /* SplashRowView.swift in Sources */ = {isa = PBXBuildFile; fileRef = F5467ECE2AA8B8AA0031091C /* SplashRowView.swift */; };
		F5467ED12AA8B92A0031091C /* SplashModel.swift in Sources */ = {isa = PBXBuildFile; fileRef = F5467ED02AA8B92A0031091C /* SplashModel.swift */; };
		F5467ED32AA8EC860031091C /* SplashScreenView.swift in Sources */ = {isa = PBXBuildFile; fileRef = F5467ED22AA8EC860031091C /* SplashScreenView.swift */; };
		F5467ED62AA8FA860031091C /* BasicSplashView.swift in Sources */ = {isa = PBXBuildFile; fileRef = F5467ED52AA8FA860031091C /* BasicSplashView.swift */; };
		F5467ED82AA9085A0031091C /* TimerSplashView.swift in Sources */ = {isa = PBXBuildFile; fileRef = F5467ED72AA9085A0031091C /* TimerSplashView.swift */; };
		F5467EDA2AA9114D0031091C /* LoginSplashView.swift in Sources */ = {isa = PBXBuildFile; fileRef = F5467ED92AA9114D0031091C /* LoginSplashView.swift */; };
/* End PBXBuildFile section */

/* Begin PBXFileReference section */
		F5467EBD2AA79F2B0031091C /* Init Screen.app */ = {isa = PBXFileReference; explicitFileType = wrapper.application; includeInIndex = 0; path = "Init Screen.app"; sourceTree = BUILT_PRODUCTS_DIR; };
		F5467EC02AA79F2B0031091C /* Init_ScreenApp.swift */ = {isa = PBXFileReference; lastKnownFileType = sourcecode.swift; path = Init_ScreenApp.swift; sourceTree = "<group>"; };
		F5467EC22AA79F2B0031091C /* ListView.swift */ = {isa = PBXFileReference; lastKnownFileType = sourcecode.swift; path = ListView.swift; sourceTree = "<group>"; };
		F5467EC42AA79F2D0031091C /* Assets.xcassets */ = {isa = PBXFileReference; lastKnownFileType = folder.assetcatalog; path = Assets.xcassets; sourceTree = "<group>"; };
		F5467EC72AA79F2D0031091C /* Preview Assets.xcassets */ = {isa = PBXFileReference; lastKnownFileType = folder.assetcatalog; path = "Preview Assets.xcassets"; sourceTree = "<group>"; };
		F5467ECE2AA8B8AA0031091C /* SplashRowView.swift */ = {isa = PBXFileReference; lastKnownFileType = sourcecode.swift; path = SplashRowView.swift; sourceTree = "<group>"; };
		F5467ED02AA8B92A0031091C /* SplashModel.swift */ = {isa = PBXFileReference; lastKnownFileType = sourcecode.swift; path = SplashModel.swift; sourceTree = "<group>"; };
		F5467ED22AA8EC860031091C /* SplashScreenView.swift */ = {isa = PBXFileReference; lastKnownFileType = sourcecode.swift; path = SplashScreenView.swift; sourceTree = "<group>"; };
		F5467ED52AA8FA860031091C /* BasicSplashView.swift */ = {isa = PBXFileReference; lastKnownFileType = sourcecode.swift; path = BasicSplashView.swift; sourceTree = "<group>"; };
		F5467ED72AA9085A0031091C /* TimerSplashView.swift */ = {isa = PBXFileReference; lastKnownFileType = sourcecode.swift; path = TimerSplashView.swift; sourceTree = "<group>"; };
		F5467ED92AA9114D0031091C /* LoginSplashView.swift */ = {isa = PBXFileReference; lastKnownFileType = sourcecode.swift; path = LoginSplashView.swift; sourceTree = "<group>"; };
/* End PBXFileReference section */

/* Begin PBXFrameworksBuildPhase section */
		F5467EBA2AA79F2B0031091C /* Frameworks */ = {
			isa = PBXFrameworksBuildPhase;
			buildActionMask = 2147483647;
			files = (
			);
			runOnlyForDeploymentPostprocessing = 0;
		};
/* End PBXFrameworksBuildPhase section */

/* Begin PBXGroup section */
		F5467EB42AA79F2B0031091C = {
			isa = PBXGroup;
			children = (
				F5467EBF2AA79F2B0031091C /* Init Screen */,
				F5467EBE2AA79F2B0031091C /* Products */,
			);
			sourceTree = "<group>";
		};
		F5467EBE2AA79F2B0031091C /* Products */ = {
			isa = PBXGroup;
			children = (
				F5467EBD2AA79F2B0031091C /* Init Screen.app */,
			);
			name = Products;
			sourceTree = "<group>";
		};
		F5467EBF2AA79F2B0031091C /* Init Screen */ = {
			isa = PBXGroup;
			children = (
				F5467ED42AA8FA5B0031091C /* SplashViews */,
				F5467EC02AA79F2B0031091C /* Init_ScreenApp.swift */,
				F5467EC22AA79F2B0031091C /* ListView.swift */,
				F5467ECE2AA8B8AA0031091C /* SplashRowView.swift */,
				F5467ED22AA8EC860031091C /* SplashScreenView.swift */,
				F5467ED02AA8B92A0031091C /* SplashModel.swift */,
				F5467EC42AA79F2D0031091C /* Assets.xcassets */,
				F5467EC62AA79F2D0031091C /* Preview Content */,
			);
			path = "Init Screen";
			sourceTree = "<group>";
		};
		F5467EC62AA79F2D0031091C /* Preview Content */ = {
			isa = PBXGroup;
			children = (
				F5467EC72AA79F2D0031091C /* Preview Assets.xcassets */,
			);
			path = "Preview Content";
			sourceTree = "<group>";
		};
		F5467ED42AA8FA5B0031091C /* SplashViews */ = {
			isa = PBXGroup;
			children = (
				F5467ED52AA8FA860031091C /* BasicSplashView.swift */,
				F5467ED72AA9085A0031091C /* TimerSplashView.swift */,
				F5467ED92AA9114D0031091C /* LoginSplashView.swift */,
			);
			path = SplashViews;
			sourceTree = "<group>";
		};
/* End PBXGroup section */

/* Begin PBXNativeTarget section */
		F5467EBC2AA79F2B0031091C /* Init Screen */ = {
			isa = PBXNativeTarget;
			buildConfigurationList = F5467ECB2AA79F2D0031091C /* Build configuration list for PBXNativeTarget "Init Screen" */;
			buildPhases = (
				F5467EB92AA79F2B0031091C /* Sources */,
				F5467EBA2AA79F2B0031091C /* Frameworks */,
				F5467EBB2AA79F2B0031091C /* Resources */,
			);
			buildRules = (
			);
			dependencies = (
			);
			name = "Init Screen";
			productName = "Init Screen";
			productReference = F5467EBD2AA79F2B0031091C /* Init Screen.app */;
			productType = "com.apple.product-type.application";
		};
/* End PBXNativeTarget section */

/* Begin PBXProject section */
		F5467EB52AA79F2B0031091C /* Project object */ = {
			isa = PBXProject;
			attributes = {
				BuildIndependentTargetsInParallel = 1;
				LastSwiftUpdateCheck = 1430;
				LastUpgradeCheck = 1430;
				TargetAttributes = {
					F5467EBC2AA79F2B0031091C = {
						CreatedOnToolsVersion = 14.3.1;
					};
				};
			};
			buildConfigurationList = F5467EB82AA79F2B0031091C /* Build configuration list for PBXProject "Init Screen" */;
			compatibilityVersion = "Xcode 14.0";
			developmentRegion = en;
			hasScannedForEncodings = 0;
			knownRegions = (
				en,
				Base,
			);
			mainGroup = F5467EB42AA79F2B0031091C;
			productRefGroup = F5467EBE2AA79F2B0031091C /* Products */;
			projectDirPath = "";
			projectRoot = "";
			targets = (
				F5467EBC2AA79F2B0031091C /* Init Screen */,
			);
		};
/* End PBXProject section */

/* Begin PBXResourcesBuildPhase section */
		F5467EBB2AA79F2B0031091C /* Resources */ = {
			isa = PBXResourcesBuildPhase;
			buildActionMask = 2147483647;
			files = (
				F5467EC82AA79F2D0031091C /* Preview Assets.xcassets in Resources */,
				F5467EC52AA79F2D0031091C /* Assets.xcassets in Resources */,
			);
			runOnlyForDeploymentPostprocessing = 0;
		};
/* End PBXResourcesBuildPhase section */

/* Begin PBXSourcesBuildPhase section */
		F5467EB92AA79F2B0031091C /* Sources */ = {
			isa = PBXSourcesBuildPhase;
			buildActionMask = 2147483647;
			files = (
				F5467ED12AA8B92A0031091C /* SplashModel.swift in Sources */,
				F5467ED32AA8EC860031091C /* SplashScreenView.swift in Sources */,
				F5467ED62AA8FA860031091C /* BasicSplashView.swift in Sources */,
				F5467EC32AA79F2B0031091C /* ListView.swift in Sources */,
				F5467ED82AA9085A0031091C /* TimerSplashView.swift in Sources */,
				F5467EC12AA79F2B0031091C /* Init_ScreenApp.swift in Sources */,
				F5467ECF2AA8B8AA0031091C /* SplashRowView.swift in Sources */,
				F5467EDA2AA9114D0031091C /* LoginSplashView.swift in Sources */,
			);
			runOnlyForDeploymentPostprocessing = 0;
		};
/* End PBXSourcesBuildPhase section */

/* Begin XCBuildConfiguration section */
		F5467EC92AA79F2D0031091C /* Debug */ = {
			isa = XCBuildConfiguration;
			buildSettings = {
				ALWAYS_SEARCH_USER_PATHS = NO;
				CLANG_ANALYZER_NONNULL = YES;
				CLANG_ANALYZER_NUMBER_OBJECT_CONVERSION = YES_AGGRESSIVE;
				CLANG_CXX_LANGUAGE_STANDARD = "gnu++20";
				CLANG_ENABLE_MODULES = YES;
				CLANG_ENABLE_OBJC_ARC = YES;
				CLANG_ENABLE_OBJC_WEAK = YES;
				CLANG_WARN_BLOCK_CAPTURE_AUTORELEASING = YES;
				CLANG_WARN_BOOL_CONVERSION = YES;
				CLANG_WARN_COMMA = YES;
				CLANG_WARN_CONSTANT_CONVERSION = YES;
				CLANG_WARN_DEPRECATED_OBJC_IMPLEMENTATIONS = YES;
				CLANG_WARN_DIRECT_OBJC_ISA_USAGE = YES_ERROR;
				CLANG_WARN_DOCUMENTATION_COMMENTS = YES;
				CLANG_WARN_EMPTY_BODY = YES;
				CLANG_WARN_ENUM_CONVERSION = YES;
				CLANG_WARN_INFINITE_RECURSION = YES;
				CLANG_WARN_INT_CONVERSION = YES;
				CLANG_WARN_NON_LITERAL_NULL_CONVERSION = YES;
				CLANG_WARN_OBJC_IMPLICIT_RETAIN_SELF = YES;
				CLANG_WARN_OBJC_LITERAL_CONVERSION = YES;
				CLANG_WARN_OBJC_ROOT_CLASS = YES_ERROR;
				CLANG_WARN_QUOTED_INCLUDE_IN_FRAMEWORK_HEADER = YES;
				CLANG_WARN_RANGE_LOOP_ANALYSIS = YES;
				CLANG_WARN_STRICT_PROTOTYPES = YES;
				CLANG_WARN_SUSPICIOUS_MOVE = YES;
				CLANG_WARN_UNGUARDED_AVAILABILITY = YES_AGGRESSIVE;
				CLANG_WARN_UNREACHABLE_CODE = YES;
				CLANG_WARN__DUPLICATE_METHOD_MATCH = YES;
				COPY_PHASE_STRIP = NO;
				DEBUG_INFORMATION_FORMAT = dwarf;
				ENABLE_STRICT_OBJC_MSGSEND = YES;
				ENABLE_TESTABILITY = YES;
				GCC_C_LANGUAGE_STANDARD = gnu11;
				GCC_DYNAMIC_NO_PIC = NO;
				GCC_NO_COMMON_BLOCKS = YES;
				GCC_OPTIMIZATION_LEVEL = 0;
				GCC_PREPROCESSOR_DEFINITIONS = (
					"DEBUG=1",
					"$(inherited)",
				);
				GCC_WARN_64_TO_32_BIT_CONVERSION = YES;
				GCC_WARN_ABOUT_RETURN_TYPE = YES_ERROR;
				GCC_WARN_UNDECLARED_SELECTOR = YES;
				GCC_WARN_UNINITIALIZED_AUTOS = YES_AGGRESSIVE;
				GCC_WARN_UNUSED_FUNCTION = YES;
				GCC_WARN_UNUSED_VARIABLE = YES;
				IPHONEOS_DEPLOYMENT_TARGET = 16.4;
				MTL_ENABLE_DEBUG_INFO = INCLUDE_SOURCE;
				MTL_FAST_MATH = YES;
				ONLY_ACTIVE_ARCH = YES;
				SDKROOT = iphoneos;
				SWIFT_ACTIVE_COMPILATION_CONDITIONS = DEBUG;
				SWIFT_OPTIMIZATION_LEVEL = "-Onone";
			};
			name = Debug;
		};
		F5467ECA2AA79F2D0031091C /* Release */ = {
			isa = XCBuildConfiguration;
			buildSettings = {
				ALWAYS_SEARCH_USER_PATHS = NO;
				CLANG_ANALYZER_NONNULL = YES;
				CLANG_ANALYZER_NUMBER_OBJECT_CONVERSION = YES_AGGRESSIVE;
				CLANG_CXX_LANGUAGE_STANDARD = "gnu++20";
				CLANG_ENABLE_MODULES = YES;
				CLANG_ENABLE_OBJC_ARC = YES;
				CLANG_ENABLE_OBJC_WEAK = YES;
				CLANG_WARN_BLOCK_CAPTURE_AUTORELEASING = YES;
				CLANG_WARN_BOOL_CONVERSION = YES;
				CLANG_WARN_COMMA = YES;
				CLANG_WARN_CONSTANT_CONVERSION = YES;
				CLANG_WARN_DEPRECATED_OBJC_IMPLEMENTATIONS = YES;
				CLANG_WARN_DIRECT_OBJC_ISA_USAGE = YES_ERROR;
				CLANG_WARN_DOCUMENTATION_COMMENTS = YES;
				CLANG_WARN_EMPTY_BODY = YES;
				CLANG_WARN_ENUM_CONVERSION = YES;
				CLANG_WARN_INFINITE_RECURSION = YES;
				CLANG_WARN_INT_CONVERSION = YES;
				CLANG_WARN_NON_LITERAL_NULL_CONVERSION = YES;
				CLANG_WARN_OBJC_IMPLICIT_RETAIN_SELF = YES;
				CLANG_WARN_OBJC_LITERAL_CONVERSION = YES;
				CLANG_WARN_OBJC_ROOT_CLASS = YES_ERROR;
				CLANG_WARN_QUOTED_INCLUDE_IN_FRAMEWORK_HEADER = YES;
				CLANG_WARN_RANGE_LOOP_ANALYSIS = YES;
				CLANG_WARN_STRICT_PROTOTYPES = YES;
				CLANG_WARN_SUSPICIOUS_MOVE = YES;
				CLANG_WARN_UNGUARDED_AVAILABILITY = YES_AGGRESSIVE;
				CLANG_WARN_UNREACHABLE_CODE = YES;
				CLANG_WARN__DUPLICATE_METHOD_MATCH = YES;
				COPY_PHASE_STRIP = NO;
				DEBUG_INFORMATION_FORMAT = "dwarf-with-dsym";
				ENABLE_NS_ASSERTIONS = NO;
				ENABLE_STRICT_OBJC_MSGSEND = YES;
				GCC_C_LANGUAGE_STANDARD = gnu11;
				GCC_NO_COMMON_BLOCKS = YES;
				GCC_WARN_64_TO_32_BIT_CONVERSION = YES;
				GCC_WARN_ABOUT_RETURN_TYPE = YES_ERROR;
				GCC_WARN_UNDECLARED_SELECTOR = YES;
				GCC_WARN_UNINITIALIZED_AUTOS = YES_AGGRESSIVE;
				GCC_WARN_UNUSED_FUNCTION = YES;
				GCC_WARN_UNUSED_VARIABLE = YES;
				IPHONEOS_DEPLOYMENT_TARGET = 16.4;
				MTL_ENABLE_DEBUG_INFO = NO;
				MTL_FAST_MATH = YES;
				SDKROOT = iphoneos;
				SWIFT_COMPILATION_MODE = wholemodule;
				SWIFT_OPTIMIZATION_LEVEL = "-O";
				VALIDATE_PRODUCT = YES;
			};
			name = Release;
		};
		F5467ECC2AA79F2D0031091C /* Debug */ = {
			isa = XCBuildConfiguration;
			buildSettings = {
				ASSETCATALOG_COMPILER_APPICON_NAME = AppIcon;
				ASSETCATALOG_COMPILER_GLOBAL_ACCENT_COLOR_NAME = AccentColor;
				CODE_SIGN_STYLE = Automatic;
				CURRENT_PROJECT_VERSION = 1;
				DEVELOPMENT_ASSET_PATHS = "\"Init Screen/Preview Content\"";
				ENABLE_PREVIEWS = YES;
				GENERATE_INFOPLIST_FILE = YES;
				INFOPLIST_KEY_UIApplicationSceneManifest_Generation = YES;
				INFOPLIST_KEY_UIApplicationSupportsIndirectInputEvents = YES;
				INFOPLIST_KEY_UILaunchScreen_Generation = YES;
				INFOPLIST_KEY_UISupportedInterfaceOrientations_iPad = "UIInterfaceOrientationPortrait UIInterfaceOrientationPortraitUpsideDown UIInterfaceOrientationLandscapeLeft UIInterfaceOrientationLandscapeRight";
				INFOPLIST_KEY_UISupportedInterfaceOrientations_iPhone = "UIInterfaceOrientationPortrait UIInterfaceOrientationLandscapeLeft UIInterfaceOrientationLandscapeRight";
				LD_RUNPATH_SEARCH_PATHS = (
					"$(inherited)",
					"@executable_path/Frameworks",
				);
				MARKETING_VERSION = 1.0;
				PRODUCT_BUNDLE_IDENTIFIER = "com.nothing-to-add.swiftui-samples.Init-Screen";
				PRODUCT_NAME = "$(TARGET_NAME)";
				SWIFT_EMIT_LOC_STRINGS = YES;
				SWIFT_VERSION = 5.0;
				TARGETED_DEVICE_FAMILY = "1,2";
			};
			name = Debug;
		};
		F5467ECD2AA79F2D0031091C /* Release */ = {
			isa = XCBuildConfiguration;
			buildSettings = {
				ASSETCATALOG_COMPILER_APPICON_NAME = AppIcon;
				ASSETCATALOG_COMPILER_GLOBAL_ACCENT_COLOR_NAME = AccentColor;
				CODE_SIGN_STYLE = Automatic;
				CURRENT_PROJECT_VERSION = 1;
				DEVELOPMENT_ASSET_PATHS = "\"Init Screen/Preview Content\"";
				ENABLE_PREVIEWS = YES;
				GENERATE_INFOPLIST_FILE = YES;
				INFOPLIST_KEY_UIApplicationSceneManifest_Generation = YES;
				INFOPLIST_KEY_UIApplicationSupportsIndirectInputEvents = YES;
				INFOPLIST_KEY_UILaunchScreen_Generation = YES;
				INFOPLIST_KEY_UISupportedInterfaceOrientations_iPad = "UIInterfaceOrientationPortrait UIInterfaceOrientationPortraitUpsideDown UIInterfaceOrientationLandscapeLeft UIInterfaceOrientationLandscapeRight";
				INFOPLIST_KEY_UISupportedInterfaceOrientations_iPhone = "UIInterfaceOrientationPortrait UIInterfaceOrientationLandscapeLeft UIInterfaceOrientationLandscapeRight";
				LD_RUNPATH_SEARCH_PATHS = (
					"$(inherited)",
					"@executable_path/Frameworks",
				);
				MARKETING_VERSION = 1.0;
				PRODUCT_BUNDLE_IDENTIFIER = "com.nothing-to-add.swiftui-samples.Init-Screen";
				PRODUCT_NAME = "$(TARGET_NAME)";
				SWIFT_EMIT_LOC_STRINGS = YES;
				SWIFT_VERSION = 5.0;
				TARGETED_DEVICE_FAMILY = "1,2";
			};
			name = Release;
		};
/* End XCBuildConfiguration section */

/* Begin XCConfigurationList section */
		F5467EB82AA79F2B0031091C /* Build configuration list for PBXProject "Init Screen" */ = {
			isa = XCConfigurationList;
			buildConfigurations = (
				F5467EC92AA79F2D0031091C /* Debug */,
				F5467ECA2AA79F2D0031091C /* Release */,
			);
			defaultConfigurationIsVisible = 0;
			defaultConfigurationName = Release;
		};
		F5467ECB2AA79F2D0031091C /* Build configuration list for PBXNativeTarget "Init Screen" */ = {
			isa = XCConfigurationList;
			buildConfigurations = (
				F5467ECC2AA79F2D0031091C /* Debug */,
				F5467ECD2AA79F2D0031091C /* Release */,
			);
			defaultConfigurationIsVisible = 0;
			defaultConfigurationName = Release;
		};
/* End XCConfigurationList section */
	};
	rootObject = F5467EB52AA79F2B0031091C /* Project object */;
}
