// !$*UTF8*$!
{
	archiveVersion = 1;
	classes = {
	};
	objectVersion = 56;
	objects = {

/* Begin PBXBuildFile section */
		F51C85C72ABA0561009FF60F /* LowPermanentRequestView.swift in Sources */ = {isa = PBXBuildFile; fileRef = F51C85C62ABA0561009FF60F /* LowPermanentRequestView.swift */; };
		F51C85C92ABB56E8009FF60F /* LocationDataController.swift in Sources */ = {isa = PBXBuildFile; fileRef = F51C85C82ABB56E8009FF60F /* LocationDataController.swift */; };
		F5B55B442AB1E60300A10BEB /* Location_ManagerApp.swift in Sources */ = {isa = PBXBuildFile; fileRef = F5B55B432AB1E60300A10BEB /* Location_ManagerApp.swift */; };
		F5B55B462AB1E60300A10BEB /* ContentView.swift in Sources */ = {isa = PBXBuildFile; fileRef = F5B55B452AB1E60300A10BEB /* ContentView.swift */; };
		F5B55B482AB1E60400A10BEB /* Assets.xcassets in Resources */ = {isa = PBXBuildFile; fileRef = F5B55B472AB1E60400A10BEB /* Assets.xcassets */; };
		F5B55B4B2AB1E60400A10BEB /* Preview Assets.xcassets in Resources */ = {isa = PBXBuildFile; fileRef = F5B55B4A2AB1E60400A10BEB /* Preview Assets.xcassets */; };
		F5B55B522AB1E88800A10BEB /* LocationManager.swift in Sources */ = {isa = PBXBuildFile; fileRef = F5B55B512AB1E88800A10BEB /* LocationManager.swift */; };
		F5B55B582AB3758E00A10BEB /* LocationData.xcdatamodeld in Sources */ = {isa = PBXBuildFile; fileRef = F5B55B562AB3758E00A10BEB /* LocationData.xcdatamodeld */; };
		F5B55B5A2AB44E3500A10BEB /* DataController.swift in Sources */ = {isa = PBXBuildFile; fileRef = F5B55B592AB44E3500A10BEB /* DataController.swift */; };
		F5B55B5C2AB8B31A00A10BEB /* SingleRequestView.swift in Sources */ = {isa = PBXBuildFile; fileRef = F5B55B5B2AB8B31A00A10BEB /* SingleRequestView.swift */; };
		F5B55B5E2AB8B42200A10BEB /* FixedPermanentRequestView.swift in Sources */ = {isa = PBXBuildFile; fileRef = F5B55B5D2AB8B42200A10BEB /* FixedPermanentRequestView.swift */; };
/* End PBXBuildFile section */

/* Begin PBXFileReference section */
		F51C85C62ABA0561009FF60F /* LowPermanentRequestView.swift */ = {isa = PBXFileReference; lastKnownFileType = sourcecode.swift; path = LowPermanentRequestView.swift; sourceTree = "<group>"; };
		F51C85C82ABB56E8009FF60F /* LocationDataController.swift */ = {isa = PBXFileReference; lastKnownFileType = sourcecode.swift; path = LocationDataController.swift; sourceTree = "<group>"; };
		F5B55B402AB1E60300A10BEB /* Location Manager.app */ = {isa = PBXFileReference; explicitFileType = wrapper.application; includeInIndex = 0; path = "Location Manager.app"; sourceTree = BUILT_PRODUCTS_DIR; };
		F5B55B432AB1E60300A10BEB /* Location_ManagerApp.swift */ = {isa = PBXFileReference; lastKnownFileType = sourcecode.swift; path = Location_ManagerApp.swift; sourceTree = "<group>"; };
		F5B55B452AB1E60300A10BEB /* ContentView.swift */ = {isa = PBXFileReference; lastKnownFileType = sourcecode.swift; path = ContentView.swift; sourceTree = "<group>"; };
		F5B55B472AB1E60400A10BEB /* Assets.xcassets */ = {isa = PBXFileReference; lastKnownFileType = folder.assetcatalog; path = Assets.xcassets; sourceTree = "<group>"; };
		F5B55B4A2AB1E60400A10BEB /* Preview Assets.xcassets */ = {isa = PBXFileReference; lastKnownFileType = folder.assetcatalog; path = "Preview Assets.xcassets"; sourceTree = "<group>"; };
		F5B55B512AB1E88800A10BEB /* LocationManager.swift */ = {isa = PBXFileReference; lastKnownFileType = sourcecode.swift; path = LocationManager.swift; sourceTree = "<group>"; };
		F5B55B532AB2014D00A10BEB /* Location-Manager-Info.plist */ = {isa = PBXFileReference; lastKnownFileType = text.plist; path = "Location-Manager-Info.plist"; sourceTree = SOURCE_ROOT; };
		F5B55B572AB3758E00A10BEB /* LocationData.xcdatamodel */ = {isa = PBXFileReference; lastKnownFileType = wrapper.xcdatamodel; path = LocationData.xcdatamodel; sourceTree = "<group>"; };
		F5B55B592AB44E3500A10BEB /* DataController.swift */ = {isa = PBXFileReference; lastKnownFileType = sourcecode.swift; path = DataController.swift; sourceTree = "<group>"; };
		F5B55B5B2AB8B31A00A10BEB /* SingleRequestView.swift */ = {isa = PBXFileReference; lastKnownFileType = sourcecode.swift; path = SingleRequestView.swift; sourceTree = "<group>"; };
		F5B55B5D2AB8B42200A10BEB /* FixedPermanentRequestView.swift */ = {isa = PBXFileReference; lastKnownFileType = sourcecode.swift; path = FixedPermanentRequestView.swift; sourceTree = "<group>"; };
/* End PBXFileReference section */

/* Begin PBXFrameworksBuildPhase section */
		F5B55B3D2AB1E60300A10BEB /* Frameworks */ = {
			isa = PBXFrameworksBuildPhase;
			buildActionMask = 2147483647;
			files = (
			);
			runOnlyForDeploymentPostprocessing = 0;
		};
/* End PBXFrameworksBuildPhase section */

/* Begin PBXGroup section */
		F5B55B372AB1E60300A10BEB = {
			isa = PBXGroup;
			children = (
				F5B55B422AB1E60300A10BEB /* Location Manager */,
				F5B55B412AB1E60300A10BEB /* Products */,
			);
			sourceTree = "<group>";
		};
		F5B55B412AB1E60300A10BEB /* Products */ = {
			isa = PBXGroup;
			children = (
				F5B55B402AB1E60300A10BEB /* Location Manager.app */,
			);
			name = Products;
			sourceTree = "<group>";
		};
		F5B55B422AB1E60300A10BEB /* Location Manager */ = {
			isa = PBXGroup;
			children = (
				F5B55B532AB2014D00A10BEB /* Location-Manager-Info.plist */,
				F5B55B432AB1E60300A10BEB /* Location_ManagerApp.swift */,
				F5B55B452AB1E60300A10BEB /* ContentView.swift */,
				F5B55B5B2AB8B31A00A10BEB /* SingleRequestView.swift */,
				F5B55B5D2AB8B42200A10BEB /* FixedPermanentRequestView.swift */,
				F51C85C62ABA0561009FF60F /* LowPermanentRequestView.swift */,
				F5B55B512AB1E88800A10BEB /* LocationManager.swift */,
				F5B55B592AB44E3500A10BEB /* DataController.swift */,
				F51C85C82ABB56E8009FF60F /* LocationDataController.swift */,
				F5B55B472AB1E60400A10BEB /* Assets.xcassets */,
				F5B55B492AB1E60400A10BEB /* Preview Content */,
				F5B55B562AB3758E00A10BEB /* LocationData.xcdatamodeld */,
			);
			path = "Location Manager";
			sourceTree = "<group>";
		};
		F5B55B492AB1E60400A10BEB /* Preview Content */ = {
			isa = PBXGroup;
			children = (
				F5B55B4A2AB1E60400A10BEB /* Preview Assets.xcassets */,
			);
			path = "Preview Content";
			sourceTree = "<group>";
		};
/* End PBXGroup section */

/* Begin PBXNativeTarget section */
		F5B55B3F2AB1E60300A10BEB /* Location Manager */ = {
			isa = PBXNativeTarget;
			buildConfigurationList = F5B55B4E2AB1E60400A10BEB /* Build configuration list for PBXNativeTarget "Location Manager" */;
			buildPhases = (
				F5B55B3C2AB1E60300A10BEB /* Sources */,
				F5B55B3D2AB1E60300A10BEB /* Frameworks */,
				F5B55B3E2AB1E60300A10BEB /* Resources */,
			);
			buildRules = (
			);
			dependencies = (
			);
			name = "Location Manager";
			productName = "Location Manager";
			productReference = F5B55B402AB1E60300A10BEB /* Location Manager.app */;
			productType = "com.apple.product-type.application";
		};
/* End PBXNativeTarget section */

/* Begin PBXProject section */
		F5B55B382AB1E60300A10BEB /* Project object */ = {
			isa = PBXProject;
			attributes = {
				BuildIndependentTargetsInParallel = 1;
				LastSwiftUpdateCheck = 1430;
				LastUpgradeCheck = 1430;
				TargetAttributes = {
					F5B55B3F2AB1E60300A10BEB = {
						CreatedOnToolsVersion = 14.3.1;
					};
				};
			};
			buildConfigurationList = F5B55B3B2AB1E60300A10BEB /* Build configuration list for PBXProject "Location Manager" */;
			compatibilityVersion = "Xcode 14.0";
			developmentRegion = en;
			hasScannedForEncodings = 0;
			knownRegions = (
				en,
				Base,
			);
			mainGroup = F5B55B372AB1E60300A10BEB;
			productRefGroup = F5B55B412AB1E60300A10BEB /* Products */;
			projectDirPath = "";
			projectRoot = "";
			targets = (
				F5B55B3F2AB1E60300A10BEB /* Location Manager */,
			);
		};
/* End PBXProject section */

/* Begin PBXResourcesBuildPhase section */
		F5B55B3E2AB1E60300A10BEB /* Resources */ = {
			isa = PBXResourcesBuildPhase;
			buildActionMask = 2147483647;
			files = (
				F5B55B4B2AB1E60400A10BEB /* Preview Assets.xcassets in Resources */,
				F5B55B482AB1E60400A10BEB /* Assets.xcassets in Resources */,
			);
			runOnlyForDeploymentPostprocessing = 0;
		};
/* End PBXResourcesBuildPhase section */

/* Begin PBXSourcesBuildPhase section */
		F5B55B3C2AB1E60300A10BEB /* Sources */ = {
			isa = PBXSourcesBuildPhase;
			buildActionMask = 2147483647;
			files = (
				F51C85C72ABA0561009FF60F /* LowPermanentRequestView.swift in Sources */,
				F5B55B5A2AB44E3500A10BEB /* DataController.swift in Sources */,
				F5B55B5E2AB8B42200A10BEB /* FixedPermanentRequestView.swift in Sources */,
				F5B55B582AB3758E00A10BEB /* LocationData.xcdatamodeld in Sources */,
				F5B55B5C2AB8B31A00A10BEB /* SingleRequestView.swift in Sources */,
				F5B55B462AB1E60300A10BEB /* ContentView.swift in Sources */,
				F51C85C92ABB56E8009FF60F /* LocationDataController.swift in Sources */,
				F5B55B442AB1E60300A10BEB /* Location_ManagerApp.swift in Sources */,
				F5B55B522AB1E88800A10BEB /* LocationManager.swift in Sources */,
			);
			runOnlyForDeploymentPostprocessing = 0;
		};
/* End PBXSourcesBuildPhase section */

/* Begin XCBuildConfiguration section */
		F5B55B4C2AB1E60400A10BEB /* Debug */ = {
			isa = XCBuildConfiguration;
			buildSettings = {
				ALWAYS_SEARCH_USER_PATHS = NO;
				CLANG_ANALYZER_NONNULL = YES;
				CLANG_ANALYZER_NUMBER_OBJECT_CONVERSION = YES_AGGRESSIVE;
				CLANG_CXX_LANGUAGE_STANDARD = "gnu++20";
				CLANG_ENABLE_MODULES = YES;
				CLANG_ENABLE_OBJC_ARC = YES;
				CLANG_ENABLE_OBJC_WEAK = YES;
				CLANG_WARN_BLOCK_CAPTURE_AUTORELEASING = YES;
				CLANG_WARN_BOOL_CONVERSION = YES;
				CLANG_WARN_COMMA = YES;
				CLANG_WARN_CONSTANT_CONVERSION = YES;
				CLANG_WARN_DEPRECATED_OBJC_IMPLEMENTATIONS = YES;
				CLANG_WARN_DIRECT_OBJC_ISA_USAGE = YES_ERROR;
				CLANG_WARN_DOCUMENTATION_COMMENTS = YES;
				CLANG_WARN_EMPTY_BODY = YES;
				CLANG_WARN_ENUM_CONVERSION = YES;
				CLANG_WARN_INFINITE_RECURSION = YES;
				CLANG_WARN_INT_CONVERSION = YES;
				CLANG_WARN_NON_LITERAL_NULL_CONVERSION = YES;
				CLANG_WARN_OBJC_IMPLICIT_RETAIN_SELF = YES;
				CLANG_WARN_OBJC_LITERAL_CONVERSION = YES;
				CLANG_WARN_OBJC_ROOT_CLASS = YES_ERROR;
				CLANG_WARN_QUOTED_INCLUDE_IN_FRAMEWORK_HEADER = YES;
				CLANG_WARN_RANGE_LOOP_ANALYSIS = YES;
				CLANG_WARN_STRICT_PROTOTYPES = YES;
				CLANG_WARN_SUSPICIOUS_MOVE = YES;
				CLANG_WARN_UNGUARDED_AVAILABILITY = YES_AGGRESSIVE;
				CLANG_WARN_UNREACHABLE_CODE = YES;
				CLANG_WARN__DUPLICATE_METHOD_MATCH = YES;
				COPY_PHASE_STRIP = NO;
				DEBUG_INFORMATION_FORMAT = dwarf;
				ENABLE_STRICT_OBJC_MSGSEND = YES;
				ENABLE_TESTABILITY = YES;
				GCC_C_LANGUAGE_STANDARD = gnu11;
				GCC_DYNAMIC_NO_PIC = NO;
				GCC_NO_COMMON_BLOCKS = YES;
				GCC_OPTIMIZATION_LEVEL = 0;
				GCC_PREPROCESSOR_DEFINITIONS = (
					"DEBUG=1",
					"$(inherited)",
				);
				GCC_WARN_64_TO_32_BIT_CONVERSION = YES;
				GCC_WARN_ABOUT_RETURN_TYPE = YES_ERROR;
				GCC_WARN_UNDECLARED_SELECTOR = YES;
				GCC_WARN_UNINITIALIZED_AUTOS = YES_AGGRESSIVE;
				GCC_WARN_UNUSED_FUNCTION = YES;
				GCC_WARN_UNUSED_VARIABLE = YES;
				IPHONEOS_DEPLOYMENT_TARGET = 16.4;
				MTL_ENABLE_DEBUG_INFO = INCLUDE_SOURCE;
				MTL_FAST_MATH = YES;
				ONLY_ACTIVE_ARCH = YES;
				SDKROOT = iphoneos;
				SWIFT_ACTIVE_COMPILATION_CONDITIONS = DEBUG;
				SWIFT_OPTIMIZATION_LEVEL = "-Onone";
			};
			name = Debug;
		};
		F5B55B4D2AB1E60400A10BEB /* Release */ = {
			isa = XCBuildConfiguration;
			buildSettings = {
				ALWAYS_SEARCH_USER_PATHS = NO;
				CLANG_ANALYZER_NONNULL = YES;
				CLANG_ANALYZER_NUMBER_OBJECT_CONVERSION = YES_AGGRESSIVE;
				CLANG_CXX_LANGUAGE_STANDARD = "gnu++20";
				CLANG_ENABLE_MODULES = YES;
				CLANG_ENABLE_OBJC_ARC = YES;
				CLANG_ENABLE_OBJC_WEAK = YES;
				CLANG_WARN_BLOCK_CAPTURE_AUTORELEASING = YES;
				CLANG_WARN_BOOL_CONVERSION = YES;
				CLANG_WARN_COMMA = YES;
				CLANG_WARN_CONSTANT_CONVERSION = YES;
				CLANG_WARN_DEPRECATED_OBJC_IMPLEMENTATIONS = YES;
				CLANG_WARN_DIRECT_OBJC_ISA_USAGE = YES_ERROR;
				CLANG_WARN_DOCUMENTATION_COMMENTS = YES;
				CLANG_WARN_EMPTY_BODY = YES;
				CLANG_WARN_ENUM_CONVERSION = YES;
				CLANG_WARN_INFINITE_RECURSION = YES;
				CLANG_WARN_INT_CONVERSION = YES;
				CLANG_WARN_NON_LITERAL_NULL_CONVERSION = YES;
				CLANG_WARN_OBJC_IMPLICIT_RETAIN_SELF = YES;
				CLANG_WARN_OBJC_LITERAL_CONVERSION = YES;
				CLANG_WARN_OBJC_ROOT_CLASS = YES_ERROR;
				CLANG_WARN_QUOTED_INCLUDE_IN_FRAMEWORK_HEADER = YES;
				CLANG_WARN_RANGE_LOOP_ANALYSIS = YES;
				CLANG_WARN_STRICT_PROTOTYPES = YES;
				CLANG_WARN_SUSPICIOUS_MOVE = YES;
				CLANG_WARN_UNGUARDED_AVAILABILITY = YES_AGGRESSIVE;
				CLANG_WARN_UNREACHABLE_CODE = YES;
				CLANG_WARN__DUPLICATE_METHOD_MATCH = YES;
				COPY_PHASE_STRIP = NO;
				DEBUG_INFORMATION_FORMAT = "dwarf-with-dsym";
				ENABLE_NS_ASSERTIONS = NO;
				ENABLE_STRICT_OBJC_MSGSEND = YES;
				GCC_C_LANGUAGE_STANDARD = gnu11;
				GCC_NO_COMMON_BLOCKS = YES;
				GCC_WARN_64_TO_32_BIT_CONVERSION = YES;
				GCC_WARN_ABOUT_RETURN_TYPE = YES_ERROR;
				GCC_WARN_UNDECLARED_SELECTOR = YES;
				GCC_WARN_UNINITIALIZED_AUTOS = YES_AGGRESSIVE;
				GCC_WARN_UNUSED_FUNCTION = YES;
				GCC_WARN_UNUSED_VARIABLE = YES;
				IPHONEOS_DEPLOYMENT_TARGET = 16.4;
				MTL_ENABLE_DEBUG_INFO = NO;
				MTL_FAST_MATH = YES;
				SDKROOT = iphoneos;
				SWIFT_COMPILATION_MODE = wholemodule;
				SWIFT_OPTIMIZATION_LEVEL = "-O";
				VALIDATE_PRODUCT = YES;
			};
			name = Release;
		};
		F5B55B4F2AB1E60400A10BEB /* Debug */ = {
			isa = XCBuildConfiguration;
			buildSettings = {
				ASSETCATALOG_COMPILER_APPICON_NAME = AppIcon;
				ASSETCATALOG_COMPILER_GLOBAL_ACCENT_COLOR_NAME = AccentColor;
				CODE_SIGN_STYLE = Automatic;
				CURRENT_PROJECT_VERSION = 1;
				DEVELOPMENT_ASSET_PATHS = "\"Location Manager/Preview Content\"";
				DEVELOPMENT_TEAM = "";
				ENABLE_PREVIEWS = YES;
				GENERATE_INFOPLIST_FILE = YES;
				INFOPLIST_FILE = "Location-Manager-Info.plist";
				INFOPLIST_KEY_UIApplicationSceneManifest_Generation = YES;
				INFOPLIST_KEY_UIApplicationSupportsIndirectInputEvents = YES;
				INFOPLIST_KEY_UILaunchScreen_Generation = YES;
				INFOPLIST_KEY_UISupportedInterfaceOrientations_iPad = "UIInterfaceOrientationPortrait UIInterfaceOrientationPortraitUpsideDown UIInterfaceOrientationLandscapeLeft UIInterfaceOrientationLandscapeRight";
				INFOPLIST_KEY_UISupportedInterfaceOrientations_iPhone = "UIInterfaceOrientationPortrait UIInterfaceOrientationLandscapeLeft UIInterfaceOrientationLandscapeRight";
				LD_RUNPATH_SEARCH_PATHS = (
					"$(inherited)",
					"@executable_path/Frameworks",
				);
				MARKETING_VERSION = 1.0;
				PRODUCT_BUNDLE_IDENTIFIER = "com.nothing-to-add.swiftui-samples.Location-Manager";
				PRODUCT_NAME = "$(TARGET_NAME)";
				SWIFT_EMIT_LOC_STRINGS = YES;
				SWIFT_VERSION = 5.0;
				TARGETED_DEVICE_FAMILY = "1,2";
			};
			name = Debug;
		};
		F5B55B502AB1E60400A10BEB /* Release */ = {
			isa = XCBuildConfiguration;
			buildSettings = {
				ASSETCATALOG_COMPILER_APPICON_NAME = AppIcon;
				ASSETCATALOG_COMPILER_GLOBAL_ACCENT_COLOR_NAME = AccentColor;
				CODE_SIGN_STYLE = Automatic;
				CURRENT_PROJECT_VERSION = 1;
				DEVELOPMENT_ASSET_PATHS = "\"Location Manager/Preview Content\"";
				DEVELOPMENT_TEAM = "";
				ENABLE_PREVIEWS = YES;
				GENERATE_INFOPLIST_FILE = YES;
				INFOPLIST_FILE = "Location-Manager-Info.plist";
				INFOPLIST_KEY_UIApplicationSceneManifest_Generation = YES;
				INFOPLIST_KEY_UIApplicationSupportsIndirectInputEvents = YES;
				INFOPLIST_KEY_UILaunchScreen_Generation = YES;
				INFOPLIST_KEY_UISupportedInterfaceOrientations_iPad = "UIInterfaceOrientationPortrait UIInterfaceOrientationPortraitUpsideDown UIInterfaceOrientationLandscapeLeft UIInterfaceOrientationLandscapeRight";
				INFOPLIST_KEY_UISupportedInterfaceOrientations_iPhone = "UIInterfaceOrientationPortrait UIInterfaceOrientationLandscapeLeft UIInterfaceOrientationLandscapeRight";
				LD_RUNPATH_SEARCH_PATHS = (
					"$(inherited)",
					"@executable_path/Frameworks",
				);
				MARKETING_VERSION = 1.0;
				PRODUCT_BUNDLE_IDENTIFIER = "com.nothing-to-add.swiftui-samples.Location-Manager";
				PRODUCT_NAME = "$(TARGET_NAME)";
				SWIFT_EMIT_LOC_STRINGS = YES;
				SWIFT_VERSION = 5.0;
				TARGETED_DEVICE_FAMILY = "1,2";
			};
			name = Release;
		};
/* End XCBuildConfiguration section */

/* Begin XCConfigurationList section */
		F5B55B3B2AB1E60300A10BEB /* Build configuration list for PBXProject "Location Manager" */ = {
			isa = XCConfigurationList;
			buildConfigurations = (
				F5B55B4C2AB1E60400A10BEB /* Debug */,
				F5B55B4D2AB1E60400A10BEB /* Release */,
			);
			defaultConfigurationIsVisible = 0;
			defaultConfigurationName = Release;
		};
		F5B55B4E2AB1E60400A10BEB /* Build configuration list for PBXNativeTarget "Location Manager" */ = {
			isa = XCConfigurationList;
			buildConfigurations = (
				F5B55B4F2AB1E60400A10BEB /* Debug */,
				F5B55B502AB1E60400A10BEB /* Release */,
			);
			defaultConfigurationIsVisible = 0;
			defaultConfigurationName = Release;
		};
/* End XCConfigurationList section */

/* Begin XCVersionGroup section */
		F5B55B562AB3758E00A10BEB /* LocationData.xcdatamodeld */ = {
			isa = XCVersionGroup;
			children = (
				F5B55B572AB3758E00A10BEB /* LocationData.xcdatamodel */,
			);
			currentVersion = F5B55B572AB3758E00A10BEB /* LocationData.xcdatamodel */;
			path = LocationData.xcdatamodeld;
			sourceTree = "<group>";
			versionGroupType = wrapper.xcdatamodel;
		};
/* End XCVersionGroup section */
	};
	rootObject = F5B55B382AB1E60300A10BEB /* Project object */;
}
